
Microsoft Visual Studio Solution File, Format Version 12.00
# Visual Studio Version 17
VisualStudioVersion = 17.3.32825.248
MinimumVisualStudioVersion = 10.0.40219.1
Project("{FAE04EC0-301F-11D3-BF4B-00C04F79EFBC}") = "FS19ModManager", "FS19ModManager.csproj", "{741A9C97-FC65-4527-BE42-1EB6AD35A61F}"
EndProject
Global
	GlobalSection(SolutionConfigurationPlatforms) = preSolution
		Debug|Any CPU = Debug|Any CPU
		Release|Any CPU = Release|Any CPU
	EndGlobalSection
	GlobalSection(ProjectConfigurationPlatforms) = postSolution
		{741A9C97-FC65-4527-BE42-1EB6AD35A61F}.Debug|Any CPU.ActiveCfg = Debug|Any CPU
		{741A9C97-FC65-4527-BE42-1EB6AD35A61F}.Debug|Any CPU.Build.0 = Debug|Any CPU
		{741A9C97-FC65-4527-BE42-1EB6AD35A61F}.Release|Any CPU.ActiveCfg = Release|Any CPU
		{741A9C97-FC65-4527-BE42-1EB6AD35A61F}.Release|Any CPU.Build.0 = Release|Any CPU
	EndGlobalSection
	GlobalSection(SolutionProperties) = preSolution
		HideSolutionNode = FALSE
	EndGlobalSection
	GlobalSection(ExtensibilityGlobals) = postSolution
		SolutionGuid = {461CFCDD-91CA-4F05-9700-64E64DFDCC12}
	EndGlobalSection
EndGlobal
